
Microsoft Visual Studio Solution File, Format Version 12.00
# Visual Studio Version 16
VisualStudioVersion = 16.0.29806.167
MinimumVisualStudioVersion = 10.0.40219.1
Project("{9A19103F-16F7-4668-BE54-9A1E7A4F7556}") = "SampleWindowsForms", "samples\SampleWindowsForms\SampleWindowsForms.csproj", "{AE64F765-CE4C-4093-8075-270C5CC614B5}"
EndProject
Project("{9A19103F-16F7-4668-BE54-9A1E7A4F7556}") = "WinFormsComInterop", "WinFormsComInterop\WinFormsComInterop.csproj", "{A61968A4-0EEF-4A41-966B-78332F57E5BC}"
EndProject
Project("{9A19103F-16F7-4668-BE54-9A1E7A4F7556}") = "System.Windows.Forms.Primitives", "System.Windows.Forms.Primitives\System.Windows.Forms.Primitives.csproj", "{148A75CD-A816-4AAE-9F4F-7AF2A272585A}"
EndProject
Project("{2150E333-8FDC-42A3-9474-1A3956D46DE8}") = "Solution Items", "Solution Items", "{84110EEC-FD63-40B3-B97C-DBA1AFE8848B}"
	ProjectSection(SolutionItems) = preProject
		global.json = global.json
		nuget.config = nuget.config
		README.md = README.md
	EndProjectSection
EndProject
Project("{9A19103F-16F7-4668-BE54-9A1E7A4F7556}") = "WpfTestBed", "experiments\WpfTestBed\WpfTestBed.csproj", "{2D80F90C-1E20-406C-ABAF-2824914F8C99}"
EndProject
Project("{C7167F0D-BC9F-4E6E-AFE1-012C56B48DB5}") = "WinUITestBed (Package)", "experiments\WinUITestBed\WinUITestBed (Package)\WinUITestBed (Package).wapproj", "{A977BCE6-0487-4EBB-8260-07F0B3D4B5CC}"
EndProject
Project("{9A19103F-16F7-4668-BE54-9A1E7A4F7556}") = "WinUITestBed", "experiments\WinUITestBed\WinUITestBed\WinUITestBed.csproj", "{3F695C99-4083-4F42-A3DC-894A5E8BC30D}"
EndProject
Project("{FAE04EC0-301F-11D3-BF4B-00C04F79EFBC}") = "WinUIUWP", "experiments\WinUIUWP\WinUIUWP.csproj", "{E50C0730-6138-4C83-BFCE-3B2AC3DD63FC}"
EndProject
Project("{2150E333-8FDC-42A3-9474-1A3956D46DE8}") = "samples", "samples", "{B8E0DDAA-1A19-409C-AD36-7B32A997446A}"
EndProject
Project("{2150E333-8FDC-42A3-9474-1A3956D46DE8}") = "experiments", "experiments", "{C141C36F-BB90-470F-991B-A4BD26202DE4}"
EndProject
Project("{9A19103F-16F7-4668-BE54-9A1E7A4F7556}") = "System.Drawing.Common", "System.Drawing.Common\System.Drawing.Common.csproj", "{079D044C-2F8C-47AD-B492-86D7613DC6B1}"
EndProject
Project("{9A19103F-16F7-4668-BE54-9A1E7A4F7556}") = "WinFormsComInterop.SourceGenerator", "WinFormsComInterop.SourceGenerator\WinFormsComInterop.SourceGenerator.csproj", "{4641034A-4BDD-429E-BEE9-7E6D3C95D114}"
EndProject
Project("{FAE04EC0-301F-11D3-BF4B-00C04F79EFBC}") = "WinFormsComInterop.SourceGenerator.Tests", "WinFormsComInterop.SourceGenerator.Tests\WinFormsComInterop.SourceGenerator.Tests.csproj", "{CA39F66B-63D8-45FF-B754-F9A6E01AA6E9}"
EndProject
Global
	GlobalSection(SolutionConfigurationPlatforms) = preSolution
		Debug|Any CPU = Debug|Any CPU
		Debug|arm64 = Debug|arm64
		Debug|x64 = Debug|x64
		Debug|x86 = Debug|x86
		Release|Any CPU = Release|Any CPU
		Release|arm64 = Release|arm64
		Release|x64 = Release|x64
		Release|x86 = Release|x86
	EndGlobalSection
	GlobalSection(ProjectConfigurationPlatforms) = postSolution
		{AE64F765-CE4C-4093-8075-270C5CC614B5}.Debug|Any CPU.ActiveCfg = Debug|Any CPU
		{AE64F765-CE4C-4093-8075-270C5CC614B5}.Debug|Any CPU.Build.0 = Debug|Any CPU
		{AE64F765-CE4C-4093-8075-270C5CC614B5}.Debug|arm64.ActiveCfg = Debug|Any CPU
		{AE64F765-CE4C-4093-8075-270C5CC614B5}.Debug|x64.ActiveCfg = Debug|Any CPU
		{AE64F765-CE4C-4093-8075-270C5CC614B5}.Debug|x64.Build.0 = Debug|Any CPU
		{AE64F765-CE4C-4093-8075-270C5CC614B5}.Debug|x86.ActiveCfg = Debug|Any CPU
		{AE64F765-CE4C-4093-8075-270C5CC614B5}.Release|Any CPU.ActiveCfg = Release|Any CPU
		{AE64F765-CE4C-4093-8075-270C5CC614B5}.Release|Any CPU.Build.0 = Release|Any CPU
		{AE64F765-CE4C-4093-8075-270C5CC614B5}.Release|arm64.ActiveCfg = Release|Any CPU
		{AE64F765-CE4C-4093-8075-270C5CC614B5}.Release|x64.ActiveCfg = Release|Any CPU
		{AE64F765-CE4C-4093-8075-270C5CC614B5}.Release|x64.Build.0 = Release|Any CPU
		{AE64F765-CE4C-4093-8075-270C5CC614B5}.Release|x86.ActiveCfg = Release|Any CPU
		{A61968A4-0EEF-4A41-966B-78332F57E5BC}.Debug|Any CPU.ActiveCfg = Debug|Any CPU
		{A61968A4-0EEF-4A41-966B-78332F57E5BC}.Debug|Any CPU.Build.0 = Debug|Any CPU
		{A61968A4-0EEF-4A41-966B-78332F57E5BC}.Debug|arm64.ActiveCfg = Debug|Any CPU
		{A61968A4-0EEF-4A41-966B-78332F57E5BC}.Debug|x64.ActiveCfg = Debug|Any CPU
		{A61968A4-0EEF-4A41-966B-78332F57E5BC}.Debug|x64.Build.0 = Debug|Any CPU
		{A61968A4-0EEF-4A41-966B-78332F57E5BC}.Debug|x86.ActiveCfg = Debug|Any CPU
		{A61968A4-0EEF-4A41-966B-78332F57E5BC}.Release|Any CPU.ActiveCfg = Release|Any CPU
		{A61968A4-0EEF-4A41-966B-78332F57E5BC}.Release|Any CPU.Build.0 = Release|Any CPU
		{A61968A4-0EEF-4A41-966B-78332F57E5BC}.Release|arm64.ActiveCfg = Release|Any CPU
		{A61968A4-0EEF-4A41-966B-78332F57E5BC}.Release|x64.ActiveCfg = Release|Any CPU
		{A61968A4-0EEF-4A41-966B-78332F57E5BC}.Release|x64.Build.0 = Release|Any CPU
		{A61968A4-0EEF-4A41-966B-78332F57E5BC}.Release|x86.ActiveCfg = Release|Any CPU
		{148A75CD-A816-4AAE-9F4F-7AF2A272585A}.Debug|Any CPU.ActiveCfg = Debug|Any CPU
		{148A75CD-A816-4AAE-9F4F-7AF2A272585A}.Debug|Any CPU.Build.0 = Debug|Any CPU
		{148A75CD-A816-4AAE-9F4F-7AF2A272585A}.Debug|arm64.ActiveCfg = Debug|Any CPU
		{148A75CD-A816-4AAE-9F4F-7AF2A272585A}.Debug|x64.ActiveCfg = Debug|Any CPU
		{148A75CD-A816-4AAE-9F4F-7AF2A272585A}.Debug|x64.Build.0 = Debug|Any CPU
		{148A75CD-A816-4AAE-9F4F-7AF2A272585A}.Debug|x86.ActiveCfg = Debug|Any CPU
		{148A75CD-A816-4AAE-9F4F-7AF2A272585A}.Release|Any CPU.ActiveCfg = Release|Any CPU
		{148A75CD-A816-4AAE-9F4F-7AF2A272585A}.Release|Any CPU.Build.0 = Release|Any CPU
		{148A75CD-A816-4AAE-9F4F-7AF2A272585A}.Release|arm64.ActiveCfg = Release|Any CPU
		{148A75CD-A816-4AAE-9F4F-7AF2A272585A}.Release|x64.ActiveCfg = Release|Any CPU
		{148A75CD-A816-4AAE-9F4F-7AF2A272585A}.Release|x64.Build.0 = Release|Any CPU
		{148A75CD-A816-4AAE-9F4F-7AF2A272585A}.Release|x86.ActiveCfg = Release|Any CPU
		{2D80F90C-1E20-406C-ABAF-2824914F8C99}.Debug|Any CPU.ActiveCfg = Debug|Any CPU
		{2D80F90C-1E20-406C-ABAF-2824914F8C99}.Debug|Any CPU.Build.0 = Debug|Any CPU
		{2D80F90C-1E20-406C-ABAF-2824914F8C99}.Debug|arm64.ActiveCfg = Debug|Any CPU
		{2D80F90C-1E20-406C-ABAF-2824914F8C99}.Debug|x64.ActiveCfg = Debug|Any CPU
		{2D80F90C-1E20-406C-ABAF-2824914F8C99}.Debug|x64.Build.0 = Debug|Any CPU
		{2D80F90C-1E20-406C-ABAF-2824914F8C99}.Debug|x86.ActiveCfg = Debug|Any CPU
		{2D80F90C-1E20-406C-ABAF-2824914F8C99}.Release|Any CPU.ActiveCfg = Release|Any CPU
		{2D80F90C-1E20-406C-ABAF-2824914F8C99}.Release|Any CPU.Build.0 = Release|Any CPU
		{2D80F90C-1E20-406C-ABAF-2824914F8C99}.Release|arm64.ActiveCfg = Release|Any CPU
		{2D80F90C-1E20-406C-ABAF-2824914F8C99}.Release|x64.ActiveCfg = Release|Any CPU
		{2D80F90C-1E20-406C-ABAF-2824914F8C99}.Release|x64.Build.0 = Release|Any CPU
		{2D80F90C-1E20-406C-ABAF-2824914F8C99}.Release|x86.ActiveCfg = Release|Any CPU
		{A977BCE6-0487-4EBB-8260-07F0B3D4B5CC}.Debug|Any CPU.ActiveCfg = Debug|x86
		{A977BCE6-0487-4EBB-8260-07F0B3D4B5CC}.Debug|arm64.ActiveCfg = Debug|arm64
		{A977BCE6-0487-4EBB-8260-07F0B3D4B5CC}.Debug|arm64.Build.0 = Debug|arm64
		{A977BCE6-0487-4EBB-8260-07F0B3D4B5CC}.Debug|arm64.Deploy.0 = Debug|arm64
		{A977BCE6-0487-4EBB-8260-07F0B3D4B5CC}.Debug|x64.ActiveCfg = Debug|x64
		{A977BCE6-0487-4EBB-8260-07F0B3D4B5CC}.Debug|x64.Build.0 = Debug|x64
		{A977BCE6-0487-4EBB-8260-07F0B3D4B5CC}.Debug|x64.Deploy.0 = Debug|x64
		{A977BCE6-0487-4EBB-8260-07F0B3D4B5CC}.Debug|x86.ActiveCfg = Debug|x86
		{A977BCE6-0487-4EBB-8260-07F0B3D4B5CC}.Debug|x86.Build.0 = Debug|x86
		{A977BCE6-0487-4EBB-8260-07F0B3D4B5CC}.Debug|x86.Deploy.0 = Debug|x86
		{A977BCE6-0487-4EBB-8260-07F0B3D4B5CC}.Release|Any CPU.ActiveCfg = Release|x86
		{A977BCE6-0487-4EBB-8260-07F0B3D4B5CC}.Release|arm64.ActiveCfg = Release|arm64
		{A977BCE6-0487-4EBB-8260-07F0B3D4B5CC}.Release|arm64.Build.0 = Release|arm64
		{A977BCE6-0487-4EBB-8260-07F0B3D4B5CC}.Release|arm64.Deploy.0 = Release|arm64
		{A977BCE6-0487-4EBB-8260-07F0B3D4B5CC}.Release|x64.ActiveCfg = Release|x64
		{A977BCE6-0487-4EBB-8260-07F0B3D4B5CC}.Release|x64.Build.0 = Release|x64
		{A977BCE6-0487-4EBB-8260-07F0B3D4B5CC}.Release|x64.Deploy.0 = Release|x64
		{A977BCE6-0487-4EBB-8260-07F0B3D4B5CC}.Release|x86.ActiveCfg = Release|x86
		{A977BCE6-0487-4EBB-8260-07F0B3D4B5CC}.Release|x86.Build.0 = Release|x86
		{A977BCE6-0487-4EBB-8260-07F0B3D4B5CC}.Release|x86.Deploy.0 = Release|x86
		{3F695C99-4083-4F42-A3DC-894A5E8BC30D}.Debug|Any CPU.ActiveCfg = Debug|x86
		{3F695C99-4083-4F42-A3DC-894A5E8BC30D}.Debug|arm64.ActiveCfg = Debug|arm64
		{3F695C99-4083-4F42-A3DC-894A5E8BC30D}.Debug|arm64.Build.0 = Debug|arm64
		{3F695C99-4083-4F42-A3DC-894A5E8BC30D}.Debug|x64.ActiveCfg = Debug|x64
		{3F695C99-4083-4F42-A3DC-894A5E8BC30D}.Debug|x64.Build.0 = Debug|x64
		{3F695C99-4083-4F42-A3DC-894A5E8BC30D}.Debug|x86.ActiveCfg = Debug|x86
		{3F695C99-4083-4F42-A3DC-894A5E8BC30D}.Debug|x86.Build.0 = Debug|x86
		{3F695C99-4083-4F42-A3DC-894A5E8BC30D}.Release|Any CPU.ActiveCfg = Release|x86
		{3F695C99-4083-4F42-A3DC-894A5E8BC30D}.Release|arm64.ActiveCfg = Release|arm64
		{3F695C99-4083-4F42-A3DC-894A5E8BC30D}.Release|arm64.Build.0 = Release|arm64
		{3F695C99-4083-4F42-A3DC-894A5E8BC30D}.Release|x64.ActiveCfg = Release|x64
		{3F695C99-4083-4F42-A3DC-894A5E8BC30D}.Release|x64.Build.0 = Release|x64
		{3F695C99-4083-4F42-A3DC-894A5E8BC30D}.Release|x86.ActiveCfg = Release|x86
		{3F695C99-4083-4F42-A3DC-894A5E8BC30D}.Release|x86.Build.0 = Release|x86
		{E50C0730-6138-4C83-BFCE-3B2AC3DD63FC}.Debug|Any CPU.ActiveCfg = Debug|x86
		{E50C0730-6138-4C83-BFCE-3B2AC3DD63FC}.Debug|arm64.ActiveCfg = Debug|arm64
		{E50C0730-6138-4C83-BFCE-3B2AC3DD63FC}.Debug|arm64.Build.0 = Debug|arm64
		{E50C0730-6138-4C83-BFCE-3B2AC3DD63FC}.Debug|arm64.Deploy.0 = Debug|arm64
		{E50C0730-6138-4C83-BFCE-3B2AC3DD63FC}.Debug|x64.ActiveCfg = Debug|x64
		{E50C0730-6138-4C83-BFCE-3B2AC3DD63FC}.Debug|x64.Build.0 = Debug|x64
		{E50C0730-6138-4C83-BFCE-3B2AC3DD63FC}.Debug|x64.Deploy.0 = Debug|x64
		{E50C0730-6138-4C83-BFCE-3B2AC3DD63FC}.Debug|x86.ActiveCfg = Debug|x86
		{E50C0730-6138-4C83-BFCE-3B2AC3DD63FC}.Debug|x86.Build.0 = Debug|x86
		{E50C0730-6138-4C83-BFCE-3B2AC3DD63FC}.Debug|x86.Deploy.0 = Debug|x86
		{E50C0730-6138-4C83-BFCE-3B2AC3DD63FC}.Release|Any CPU.ActiveCfg = Release|x86
		{E50C0730-6138-4C83-BFCE-3B2AC3DD63FC}.Release|arm64.ActiveCfg = Release|arm64
		{E50C0730-6138-4C83-BFCE-3B2AC3DD63FC}.Release|arm64.Build.0 = Release|arm64
		{E50C0730-6138-4C83-BFCE-3B2AC3DD63FC}.Release|arm64.Deploy.0 = Release|arm64
		{E50C0730-6138-4C83-BFCE-3B2AC3DD63FC}.Release|x64.ActiveCfg = Release|x64
		{E50C0730-6138-4C83-BFCE-3B2AC3DD63FC}.Release|x64.Build.0 = Release|x64
		{E50C0730-6138-4C83-BFCE-3B2AC3DD63FC}.Release|x64.Deploy.0 = Release|x64
		{E50C0730-6138-4C83-BFCE-3B2AC3DD63FC}.Release|x86.ActiveCfg = Release|x86
		{E50C0730-6138-4C83-BFCE-3B2AC3DD63FC}.Release|x86.Build.0 = Release|x86
		{E50C0730-6138-4C83-BFCE-3B2AC3DD63FC}.Release|x86.Deploy.0 = Release|x86
		{079D044C-2F8C-47AD-B492-86D7613DC6B1}.Debug|Any CPU.ActiveCfg = Debug|Any CPU
		{079D044C-2F8C-47AD-B492-86D7613DC6B1}.Debug|Any CPU.Build.0 = Debug|Any CPU
		{079D044C-2F8C-47AD-B492-86D7613DC6B1}.Debug|arm64.ActiveCfg = Debug|Any CPU
		{079D044C-2F8C-47AD-B492-86D7613DC6B1}.Debug|arm64.Build.0 = Debug|Any CPU
		{079D044C-2F8C-47AD-B492-86D7613DC6B1}.Debug|x64.ActiveCfg = Debug|Any CPU
		{079D044C-2F8C-47AD-B492-86D7613DC6B1}.Debug|x64.Build.0 = Debug|Any CPU
		{079D044C-2F8C-47AD-B492-86D7613DC6B1}.Debug|x86.ActiveCfg = Debug|Any CPU
		{079D044C-2F8C-47AD-B492-86D7613DC6B1}.Debug|x86.Build.0 = Debug|Any CPU
		{079D044C-2F8C-47AD-B492-86D7613DC6B1}.Release|Any CPU.ActiveCfg = Release|Any CPU
		{079D044C-2F8C-47AD-B492-86D7613DC6B1}.Release|Any CPU.Build.0 = Release|Any CPU
		{079D044C-2F8C-47AD-B492-86D7613DC6B1}.Release|arm64.ActiveCfg = Release|Any CPU
		{079D044C-2F8C-47AD-B492-86D7613DC6B1}.Release|arm64.Build.0 = Release|Any CPU
		{079D044C-2F8C-47AD-B492-86D7613DC6B1}.Release|x64.ActiveCfg = Release|Any CPU
		{079D044C-2F8C-47AD-B492-86D7613DC6B1}.Release|x64.Build.0 = Release|Any CPU
		{079D044C-2F8C-47AD-B492-86D7613DC6B1}.Release|x86.ActiveCfg = Release|Any CPU
		{079D044C-2F8C-47AD-B492-86D7613DC6B1}.Release|x86.Build.0 = Release|Any CPU
		{4641034A-4BDD-429E-BEE9-7E6D3C95D114}.Debug|Any CPU.ActiveCfg = Debug|Any CPU
		{4641034A-4BDD-429E-BEE9-7E6D3C95D114}.Debug|Any CPU.Build.0 = Debug|Any CPU
		{4641034A-4BDD-429E-BEE9-7E6D3C95D114}.Debug|arm64.ActiveCfg = Debug|Any CPU
		{4641034A-4BDD-429E-BEE9-7E6D3C95D114}.Debug|arm64.Build.0 = Debug|Any CPU
		{4641034A-4BDD-429E-BEE9-7E6D3C95D114}.Debug|x64.ActiveCfg = Debug|Any CPU
		{4641034A-4BDD-429E-BEE9-7E6D3C95D114}.Debug|x64.Build.0 = Debug|Any CPU
		{4641034A-4BDD-429E-BEE9-7E6D3C95D114}.Debug|x86.ActiveCfg = Debug|Any CPU
		{4641034A-4BDD-429E-BEE9-7E6D3C95D114}.Debug|x86.Build.0 = Debug|Any CPU
		{4641034A-4BDD-429E-BEE9-7E6D3C95D114}.Release|Any CPU.ActiveCfg = Release|Any CPU
		{4641034A-4BDD-429E-BEE9-7E6D3C95D114}.Release|Any CPU.Build.0 = Release|Any CPU
		{4641034A-4BDD-429E-BEE9-7E6D3C95D114}.Release|arm64.ActiveCfg = Release|Any CPU
		{4641034A-4BDD-429E-BEE9-7E6D3C95D114}.Release|arm64.Build.0 = Release|Any CPU
		{4641034A-4BDD-429E-BEE9-7E6D3C95D114}.Release|x64.ActiveCfg = Release|Any CPU
		{4641034A-4BDD-429E-BEE9-7E6D3C95D114}.Release|x64.Build.0 = Release|Any CPU
		{4641034A-4BDD-429E-BEE9-7E6D3C95D114}.Release|x86.ActiveCfg = Release|Any CPU
		{4641034A-4BDD-429E-BEE9-7E6D3C95D114}.Release|x86.Build.0 = Release|Any CPU
		{CA39F66B-63D8-45FF-B754-F9A6E01AA6E9}.Debug|Any CPU.ActiveCfg = Debug|Any CPU
		{CA39F66B-63D8-45FF-B754-F9A6E01AA6E9}.Debug|Any CPU.Build.0 = Debug|Any CPU
		{CA39F66B-63D8-45FF-B754-F9A6E01AA6E9}.Debug|arm64.ActiveCfg = Debug|Any CPU
		{CA39F66B-63D8-45FF-B754-F9A6E01AA6E9}.Debug|arm64.Build.0 = Debug|Any CPU
		{CA39F66B-63D8-45FF-B754-F9A6E01AA6E9}.Debug|x64.ActiveCfg = Debug|Any CPU
		{CA39F66B-63D8-45FF-B754-F9A6E01AA6E9}.Debug|x64.Build.0 = Debug|Any CPU
		{CA39F66B-63D8-45FF-B754-F9A6E01AA6E9}.Debug|x86.ActiveCfg = Debug|Any CPU
		{CA39F66B-63D8-45FF-B754-F9A6E01AA6E9}.Debug|x86.Build.0 = Debug|Any CPU
		{CA39F66B-63D8-45FF-B754-F9A6E01AA6E9}.Release|Any CPU.ActiveCfg = Release|Any CPU
		{CA39F66B-63D8-45FF-B754-F9A6E01AA6E9}.Release|Any CPU.Build.0 = Release|Any CPU
		{CA39F66B-63D8-45FF-B754-F9A6E01AA6E9}.Release|arm64.ActiveCfg = Release|Any CPU
		{CA39F66B-63D8-45FF-B754-F9A6E01AA6E9}.Release|arm64.Build.0 = Release|Any CPU
		{CA39F66B-63D8-45FF-B754-F9A6E01AA6E9}.Release|x64.ActiveCfg = Release|Any CPU
		{CA39F66B-63D8-45FF-B754-F9A6E01AA6E9}.Release|x64.Build.0 = Release|Any CPU
		{CA39F66B-63D8-45FF-B754-F9A6E01AA6E9}.Release|x86.ActiveCfg = Release|Any CPU
		{CA39F66B-63D8-45FF-B754-F9A6E01AA6E9}.Release|x86.Build.0 = Release|Any CPU
	EndGlobalSection
	GlobalSection(SolutionProperties) = preSolution
		HideSolutionNode = FALSE
	EndGlobalSection
	GlobalSection(NestedProjects) = preSolution
		{AE64F765-CE4C-4093-8075-270C5CC614B5} = {B8E0DDAA-1A19-409C-AD36-7B32A997446A}
		{2D80F90C-1E20-406C-ABAF-2824914F8C99} = {C141C36F-BB90-470F-991B-A4BD26202DE4}
		{A977BCE6-0487-4EBB-8260-07F0B3D4B5CC} = {C141C36F-BB90-470F-991B-A4BD26202DE4}
		{3F695C99-4083-4F42-A3DC-894A5E8BC30D} = {C141C36F-BB90-470F-991B-A4BD26202DE4}
		{E50C0730-6138-4C83-BFCE-3B2AC3DD63FC} = {C141C36F-BB90-470F-991B-A4BD26202DE4}
	EndGlobalSection
	GlobalSection(ExtensibilityGlobals) = postSolution
		SolutionGuid = {E6AF9777-3A1E-4FF6-A531-49CD8D66A293}
	EndGlobalSection
EndGlobal
