
Microsoft Visual Studio Solution File, Format Version 12.00
# Visual Studio Version 16
VisualStudioVersion = 16.0.29806.167
MinimumVisualStudioVersion = 10.0.40219.1
Project("{9A19103F-16F7-4668-BE54-9A1E7A4F7556}") = "SampleWindowsForms", "samples\SampleWindowsForms\SampleWindowsForms.csproj", "{AE64F765-CE4C-4093-8075-270C5CC614B5}"
EndProject
Project("{9A19103F-16F7-4668-BE54-9A1E7A4F7556}") = "WinFormsComInterop", "WinFormsComInterop\WinFormsComInterop.csproj", "{A61968A4-0EEF-4A41-966B-78332F57E5BC}"
EndProject
Project("{9A19103F-16F7-4668-BE54-9A1E7A4F7556}") = "System.Windows.Forms.Primitives", "System.Windows.Forms.Primitives\System.Windows.Forms.Primitives.csproj", "{148A75CD-A816-4AAE-9F4F-7AF2A272585A}"
EndProject
Project("{2150E333-8FDC-42A3-9474-1A3956D46DE8}") = "Solution Items", "Solution Items", "{84110EEC-FD63-40B3-B97C-DBA1AFE8848B}"
	ProjectSection(SolutionItems) = preProject
		Directory.Build.targets = Directory.Build.targets
		.github\workflows\dotnet.yml = .github\workflows\dotnet.yml
		global.json = global.json
		nuget.config = nuget.config
		README.md = README.md
	EndProjectSection
EndProject
Project("{9A19103F-16F7-4668-BE54-9A1E7A4F7556}") = "WpfTestBed", "experiments\WpfTestBed\WpfTestBed.csproj", "{2D80F90C-1E20-406C-ABAF-2824914F8C99}"
EndProject
Project("{2150E333-8FDC-42A3-9474-1A3956D46DE8}") = "samples", "samples", "{B8E0DDAA-1A19-409C-AD36-7B32A997446A}"
EndProject
Project("{2150E333-8FDC-42A3-9474-1A3956D46DE8}") = "experiments", "experiments", "{C141C36F-BB90-470F-991B-A4BD26202DE4}"
EndProject
Project("{9A19103F-16F7-4668-BE54-9A1E7A4F7556}") = "System.Drawing.Common", "System.Drawing.Common\System.Drawing.Common.csproj", "{079D044C-2F8C-47AD-B492-86D7613DC6B1}"
EndProject
Project("{9A19103F-16F7-4668-BE54-9A1E7A4F7556}") = "WinFormsComInterop.SourceGenerator", "WinFormsComInterop.SourceGenerator\WinFormsComInterop.SourceGenerator.csproj", "{4641034A-4BDD-429E-BEE9-7E6D3C95D114}"
EndProject
Project("{9A19103F-16F7-4668-BE54-9A1E7A4F7556}") = "WinFormsComInterop.SourceGenerator.Tests", "WinFormsComInterop.SourceGenerator.Tests\WinFormsComInterop.SourceGenerator.Tests.csproj", "{CA39F66B-63D8-45FF-B754-F9A6E01AA6E9}"
EndProject
Project("{9A19103F-16F7-4668-BE54-9A1E7A4F7556}") = "WindowsBase", "WindowsBase\WindowsBase.csproj", "{39A2D52B-A565-428C-B0F6-2EDBFA3EDAB7}"
EndProject
Project("{9A19103F-16F7-4668-BE54-9A1E7A4F7556}") = "PresentationCore", "PresentationCore\PresentationCore.csproj", "{46A38622-1BD6-425C-A49C-16DF0534B7EC}"
EndProject
Project("{9A19103F-16F7-4668-BE54-9A1E7A4F7556}") = "System.Windows.Forms", "System.Windows.Forms\System.Windows.Forms.csproj", "{83C0DC07-F23E-4193-B985-2426EE9AFF80}"
EndProject
Global
	GlobalSection(SolutionConfigurationPlatforms) = preSolution
		Debug|Any CPU = Debug|Any CPU
		Debug|arm64 = Debug|arm64
		Debug|x64 = Debug|x64
		Debug|x86 = Debug|x86
		Release|Any CPU = Release|Any CPU
		Release|arm64 = Release|arm64
		Release|x64 = Release|x64
		Release|x86 = Release|x86
	EndGlobalSection
	GlobalSection(ProjectConfigurationPlatforms) = postSolution
		{AE64F765-CE4C-4093-8075-270C5CC614B5}.Debug|Any CPU.ActiveCfg = Debug|Any CPU
		{AE64F765-CE4C-4093-8075-270C5CC614B5}.Debug|Any CPU.Build.0 = Debug|Any CPU
		{AE64F765-CE4C-4093-8075-270C5CC614B5}.Debug|arm64.ActiveCfg = Debug|Any CPU
		{AE64F765-CE4C-4093-8075-270C5CC614B5}.Debug|x64.ActiveCfg = Debug|Any CPU
		{AE64F765-CE4C-4093-8075-270C5CC614B5}.Debug|x64.Build.0 = Debug|Any CPU
		{AE64F765-CE4C-4093-8075-270C5CC614B5}.Debug|x86.ActiveCfg = Debug|Any CPU
		{AE64F765-CE4C-4093-8075-270C5CC614B5}.Release|Any CPU.ActiveCfg = Release|Any CPU
		{AE64F765-CE4C-4093-8075-270C5CC614B5}.Release|Any CPU.Build.0 = Release|Any CPU
		{AE64F765-CE4C-4093-8075-270C5CC614B5}.Release|arm64.ActiveCfg = Release|Any CPU
		{AE64F765-CE4C-4093-8075-270C5CC614B5}.Release|x64.ActiveCfg = Release|Any CPU
		{AE64F765-CE4C-4093-8075-270C5CC614B5}.Release|x64.Build.0 = Release|Any CPU
		{AE64F765-CE4C-4093-8075-270C5CC614B5}.Release|x86.ActiveCfg = Release|Any CPU
		{A61968A4-0EEF-4A41-966B-78332F57E5BC}.Debug|Any CPU.ActiveCfg = Debug|Any CPU
		{A61968A4-0EEF-4A41-966B-78332F57E5BC}.Debug|Any CPU.Build.0 = Debug|Any CPU
		{A61968A4-0EEF-4A41-966B-78332F57E5BC}.Debug|arm64.ActiveCfg = Debug|Any CPU
		{A61968A4-0EEF-4A41-966B-78332F57E5BC}.Debug|x64.ActiveCfg = Debug|Any CPU
		{A61968A4-0EEF-4A41-966B-78332F57E5BC}.Debug|x64.Build.0 = Debug|Any CPU
		{A61968A4-0EEF-4A41-966B-78332F57E5BC}.Debug|x86.ActiveCfg = Debug|Any CPU
		{A61968A4-0EEF-4A41-966B-78332F57E5BC}.Release|Any CPU.ActiveCfg = Release|Any CPU
		{A61968A4-0EEF-4A41-966B-78332F57E5BC}.Release|Any CPU.Build.0 = Release|Any CPU
		{A61968A4-0EEF-4A41-966B-78332F57E5BC}.Release|arm64.ActiveCfg = Release|Any CPU
		{A61968A4-0EEF-4A41-966B-78332F57E5BC}.Release|x64.ActiveCfg = Release|Any CPU
		{A61968A4-0EEF-4A41-966B-78332F57E5BC}.Release|x64.Build.0 = Release|Any CPU
		{A61968A4-0EEF-4A41-966B-78332F57E5BC}.Release|x86.ActiveCfg = Release|Any CPU
		{148A75CD-A816-4AAE-9F4F-7AF2A272585A}.Debug|Any CPU.ActiveCfg = Debug|Any CPU
		{148A75CD-A816-4AAE-9F4F-7AF2A272585A}.Debug|Any CPU.Build.0 = Debug|Any CPU
		{148A75CD-A816-4AAE-9F4F-7AF2A272585A}.Debug|arm64.ActiveCfg = Debug|Any CPU
		{148A75CD-A816-4AAE-9F4F-7AF2A272585A}.Debug|x64.ActiveCfg = Debug|Any CPU
		{148A75CD-A816-4AAE-9F4F-7AF2A272585A}.Debug|x64.Build.0 = Debug|Any CPU
		{148A75CD-A816-4AAE-9F4F-7AF2A272585A}.Debug|x86.ActiveCfg = Debug|Any CPU
		{148A75CD-A816-4AAE-9F4F-7AF2A272585A}.Release|Any CPU.ActiveCfg = Release|Any CPU
		{148A75CD-A816-4AAE-9F4F-7AF2A272585A}.Release|Any CPU.Build.0 = Release|Any CPU
		{148A75CD-A816-4AAE-9F4F-7AF2A272585A}.Release|arm64.ActiveCfg = Release|Any CPU
		{148A75CD-A816-4AAE-9F4F-7AF2A272585A}.Release|x64.ActiveCfg = Release|Any CPU
		{148A75CD-A816-4AAE-9F4F-7AF2A272585A}.Release|x64.Build.0 = Release|Any CPU
		{148A75CD-A816-4AAE-9F4F-7AF2A272585A}.Release|x86.ActiveCfg = Release|Any CPU
		{2D80F90C-1E20-406C-ABAF-2824914F8C99}.Debug|Any CPU.ActiveCfg = Debug|Any CPU
		{2D80F90C-1E20-406C-ABAF-2824914F8C99}.Debug|Any CPU.Build.0 = Debug|Any CPU
		{2D80F90C-1E20-406C-ABAF-2824914F8C99}.Debug|arm64.ActiveCfg = Debug|Any CPU
		{2D80F90C-1E20-406C-ABAF-2824914F8C99}.Debug|x64.ActiveCfg = Debug|Any CPU
		{2D80F90C-1E20-406C-ABAF-2824914F8C99}.Debug|x64.Build.0 = Debug|Any CPU
		{2D80F90C-1E20-406C-ABAF-2824914F8C99}.Debug|x86.ActiveCfg = Debug|Any CPU
		{2D80F90C-1E20-406C-ABAF-2824914F8C99}.Release|Any CPU.ActiveCfg = Release|Any CPU
		{2D80F90C-1E20-406C-ABAF-2824914F8C99}.Release|Any CPU.Build.0 = Release|Any CPU
		{2D80F90C-1E20-406C-ABAF-2824914F8C99}.Release|arm64.ActiveCfg = Release|Any CPU
		{2D80F90C-1E20-406C-ABAF-2824914F8C99}.Release|x64.ActiveCfg = Release|Any CPU
		{2D80F90C-1E20-406C-ABAF-2824914F8C99}.Release|x64.Build.0 = Release|Any CPU
		{2D80F90C-1E20-406C-ABAF-2824914F8C99}.Release|x86.ActiveCfg = Release|Any CPU
		{079D044C-2F8C-47AD-B492-86D7613DC6B1}.Debug|Any CPU.ActiveCfg = Debug|Any CPU
		{079D044C-2F8C-47AD-B492-86D7613DC6B1}.Debug|Any CPU.Build.0 = Debug|Any CPU
		{079D044C-2F8C-47AD-B492-86D7613DC6B1}.Debug|arm64.ActiveCfg = Debug|Any CPU
		{079D044C-2F8C-47AD-B492-86D7613DC6B1}.Debug|arm64.Build.0 = Debug|Any CPU
		{079D044C-2F8C-47AD-B492-86D7613DC6B1}.Debug|x64.ActiveCfg = Debug|Any CPU
		{079D044C-2F8C-47AD-B492-86D7613DC6B1}.Debug|x64.Build.0 = Debug|Any CPU
		{079D044C-2F8C-47AD-B492-86D7613DC6B1}.Debug|x86.ActiveCfg = Debug|Any CPU
		{079D044C-2F8C-47AD-B492-86D7613DC6B1}.Debug|x86.Build.0 = Debug|Any CPU
		{079D044C-2F8C-47AD-B492-86D7613DC6B1}.Release|Any CPU.ActiveCfg = Release|Any CPU
		{079D044C-2F8C-47AD-B492-86D7613DC6B1}.Release|Any CPU.Build.0 = Release|Any CPU
		{079D044C-2F8C-47AD-B492-86D7613DC6B1}.Release|arm64.ActiveCfg = Release|Any CPU
		{079D044C-2F8C-47AD-B492-86D7613DC6B1}.Release|arm64.Build.0 = Release|Any CPU
		{079D044C-2F8C-47AD-B492-86D7613DC6B1}.Release|x64.ActiveCfg = Release|Any CPU
		{079D044C-2F8C-47AD-B492-86D7613DC6B1}.Release|x64.Build.0 = Release|Any CPU
		{079D044C-2F8C-47AD-B492-86D7613DC6B1}.Release|x86.ActiveCfg = Release|Any CPU
		{079D044C-2F8C-47AD-B492-86D7613DC6B1}.Release|x86.Build.0 = Release|Any CPU
		{4641034A-4BDD-429E-BEE9-7E6D3C95D114}.Debug|Any CPU.ActiveCfg = Debug|Any CPU
		{4641034A-4BDD-429E-BEE9-7E6D3C95D114}.Debug|Any CPU.Build.0 = Debug|Any CPU
		{4641034A-4BDD-429E-BEE9-7E6D3C95D114}.Debug|arm64.ActiveCfg = Debug|Any CPU
		{4641034A-4BDD-429E-BEE9-7E6D3C95D114}.Debug|arm64.Build.0 = Debug|Any CPU
		{4641034A-4BDD-429E-BEE9-7E6D3C95D114}.Debug|x64.ActiveCfg = Debug|Any CPU
		{4641034A-4BDD-429E-BEE9-7E6D3C95D114}.Debug|x64.Build.0 = Debug|Any CPU
		{4641034A-4BDD-429E-BEE9-7E6D3C95D114}.Debug|x86.ActiveCfg = Debug|Any CPU
		{4641034A-4BDD-429E-BEE9-7E6D3C95D114}.Debug|x86.Build.0 = Debug|Any CPU
		{4641034A-4BDD-429E-BEE9-7E6D3C95D114}.Release|Any CPU.ActiveCfg = Release|Any CPU
		{4641034A-4BDD-429E-BEE9-7E6D3C95D114}.Release|Any CPU.Build.0 = Release|Any CPU
		{4641034A-4BDD-429E-BEE9-7E6D3C95D114}.Release|arm64.ActiveCfg = Release|Any CPU
		{4641034A-4BDD-429E-BEE9-7E6D3C95D114}.Release|arm64.Build.0 = Release|Any CPU
		{4641034A-4BDD-429E-BEE9-7E6D3C95D114}.Release|x64.ActiveCfg = Release|Any CPU
		{4641034A-4BDD-429E-BEE9-7E6D3C95D114}.Release|x64.Build.0 = Release|Any CPU
		{4641034A-4BDD-429E-BEE9-7E6D3C95D114}.Release|x86.ActiveCfg = Release|Any CPU
		{4641034A-4BDD-429E-BEE9-7E6D3C95D114}.Release|x86.Build.0 = Release|Any CPU
		{CA39F66B-63D8-45FF-B754-F9A6E01AA6E9}.Debug|Any CPU.ActiveCfg = Debug|Any CPU
		{CA39F66B-63D8-45FF-B754-F9A6E01AA6E9}.Debug|Any CPU.Build.0 = Debug|Any CPU
		{CA39F66B-63D8-45FF-B754-F9A6E01AA6E9}.Debug|arm64.ActiveCfg = Debug|Any CPU
		{CA39F66B-63D8-45FF-B754-F9A6E01AA6E9}.Debug|arm64.Build.0 = Debug|Any CPU
		{CA39F66B-63D8-45FF-B754-F9A6E01AA6E9}.Debug|x64.ActiveCfg = Debug|Any CPU
		{CA39F66B-63D8-45FF-B754-F9A6E01AA6E9}.Debug|x64.Build.0 = Debug|Any CPU
		{CA39F66B-63D8-45FF-B754-F9A6E01AA6E9}.Debug|x86.ActiveCfg = Debug|Any CPU
		{CA39F66B-63D8-45FF-B754-F9A6E01AA6E9}.Debug|x86.Build.0 = Debug|Any CPU
		{CA39F66B-63D8-45FF-B754-F9A6E01AA6E9}.Release|Any CPU.ActiveCfg = Release|Any CPU
		{CA39F66B-63D8-45FF-B754-F9A6E01AA6E9}.Release|Any CPU.Build.0 = Release|Any CPU
		{CA39F66B-63D8-45FF-B754-F9A6E01AA6E9}.Release|arm64.ActiveCfg = Release|Any CPU
		{CA39F66B-63D8-45FF-B754-F9A6E01AA6E9}.Release|arm64.Build.0 = Release|Any CPU
		{CA39F66B-63D8-45FF-B754-F9A6E01AA6E9}.Release|x64.ActiveCfg = Release|Any CPU
		{CA39F66B-63D8-45FF-B754-F9A6E01AA6E9}.Release|x64.Build.0 = Release|Any CPU
		{CA39F66B-63D8-45FF-B754-F9A6E01AA6E9}.Release|x86.ActiveCfg = Release|Any CPU
		{CA39F66B-63D8-45FF-B754-F9A6E01AA6E9}.Release|x86.Build.0 = Release|Any CPU
		{39A2D52B-A565-428C-B0F6-2EDBFA3EDAB7}.Debug|Any CPU.ActiveCfg = Debug|Any CPU
		{39A2D52B-A565-428C-B0F6-2EDBFA3EDAB7}.Debug|Any CPU.Build.0 = Debug|Any CPU
		{39A2D52B-A565-428C-B0F6-2EDBFA3EDAB7}.Debug|arm64.ActiveCfg = Debug|Any CPU
		{39A2D52B-A565-428C-B0F6-2EDBFA3EDAB7}.Debug|arm64.Build.0 = Debug|Any CPU
		{39A2D52B-A565-428C-B0F6-2EDBFA3EDAB7}.Debug|x64.ActiveCfg = Debug|Any CPU
		{39A2D52B-A565-428C-B0F6-2EDBFA3EDAB7}.Debug|x64.Build.0 = Debug|Any CPU
		{39A2D52B-A565-428C-B0F6-2EDBFA3EDAB7}.Debug|x86.ActiveCfg = Debug|Any CPU
		{39A2D52B-A565-428C-B0F6-2EDBFA3EDAB7}.Debug|x86.Build.0 = Debug|Any CPU
		{39A2D52B-A565-428C-B0F6-2EDBFA3EDAB7}.Release|Any CPU.ActiveCfg = Release|Any CPU
		{39A2D52B-A565-428C-B0F6-2EDBFA3EDAB7}.Release|Any CPU.Build.0 = Release|Any CPU
		{39A2D52B-A565-428C-B0F6-2EDBFA3EDAB7}.Release|arm64.ActiveCfg = Release|Any CPU
		{39A2D52B-A565-428C-B0F6-2EDBFA3EDAB7}.Release|arm64.Build.0 = Release|Any CPU
		{39A2D52B-A565-428C-B0F6-2EDBFA3EDAB7}.Release|x64.ActiveCfg = Release|Any CPU
		{39A2D52B-A565-428C-B0F6-2EDBFA3EDAB7}.Release|x64.Build.0 = Release|Any CPU
		{39A2D52B-A565-428C-B0F6-2EDBFA3EDAB7}.Release|x86.ActiveCfg = Release|Any CPU
		{39A2D52B-A565-428C-B0F6-2EDBFA3EDAB7}.Release|x86.Build.0 = Release|Any CPU
		{46A38622-1BD6-425C-A49C-16DF0534B7EC}.Debug|Any CPU.ActiveCfg = Debug|Any CPU
		{46A38622-1BD6-425C-A49C-16DF0534B7EC}.Debug|Any CPU.Build.0 = Debug|Any CPU
		{46A38622-1BD6-425C-A49C-16DF0534B7EC}.Debug|arm64.ActiveCfg = Debug|Any CPU
		{46A38622-1BD6-425C-A49C-16DF0534B7EC}.Debug|arm64.Build.0 = Debug|Any CPU
		{46A38622-1BD6-425C-A49C-16DF0534B7EC}.Debug|x64.ActiveCfg = Debug|Any CPU
		{46A38622-1BD6-425C-A49C-16DF0534B7EC}.Debug|x64.Build.0 = Debug|Any CPU
		{46A38622-1BD6-425C-A49C-16DF0534B7EC}.Debug|x86.ActiveCfg = Debug|Any CPU
		{46A38622-1BD6-425C-A49C-16DF0534B7EC}.Debug|x86.Build.0 = Debug|Any CPU
		{46A38622-1BD6-425C-A49C-16DF0534B7EC}.Release|Any CPU.ActiveCfg = Release|Any CPU
		{46A38622-1BD6-425C-A49C-16DF0534B7EC}.Release|Any CPU.Build.0 = Release|Any CPU
		{46A38622-1BD6-425C-A49C-16DF0534B7EC}.Release|arm64.ActiveCfg = Release|Any CPU
		{46A38622-1BD6-425C-A49C-16DF0534B7EC}.Release|arm64.Build.0 = Release|Any CPU
		{46A38622-1BD6-425C-A49C-16DF0534B7EC}.Release|x64.ActiveCfg = Release|Any CPU
		{46A38622-1BD6-425C-A49C-16DF0534B7EC}.Release|x64.Build.0 = Release|Any CPU
		{46A38622-1BD6-425C-A49C-16DF0534B7EC}.Release|x86.ActiveCfg = Release|Any CPU
		{46A38622-1BD6-425C-A49C-16DF0534B7EC}.Release|x86.Build.0 = Release|Any CPU
		{83C0DC07-F23E-4193-B985-2426EE9AFF80}.Debug|Any CPU.ActiveCfg = Debug|Any CPU
		{83C0DC07-F23E-4193-B985-2426EE9AFF80}.Debug|Any CPU.Build.0 = Debug|Any CPU
		{83C0DC07-F23E-4193-B985-2426EE9AFF80}.Debug|arm64.ActiveCfg = Debug|Any CPU
		{83C0DC07-F23E-4193-B985-2426EE9AFF80}.Debug|arm64.Build.0 = Debug|Any CPU
		{83C0DC07-F23E-4193-B985-2426EE9AFF80}.Debug|x64.ActiveCfg = Debug|Any CPU
		{83C0DC07-F23E-4193-B985-2426EE9AFF80}.Debug|x64.Build.0 = Debug|Any CPU
		{83C0DC07-F23E-4193-B985-2426EE9AFF80}.Debug|x86.ActiveCfg = Debug|Any CPU
		{83C0DC07-F23E-4193-B985-2426EE9AFF80}.Debug|x86.Build.0 = Debug|Any CPU
		{83C0DC07-F23E-4193-B985-2426EE9AFF80}.Release|Any CPU.ActiveCfg = Release|Any CPU
		{83C0DC07-F23E-4193-B985-2426EE9AFF80}.Release|Any CPU.Build.0 = Release|Any CPU
		{83C0DC07-F23E-4193-B985-2426EE9AFF80}.Release|arm64.ActiveCfg = Release|Any CPU
		{83C0DC07-F23E-4193-B985-2426EE9AFF80}.Release|arm64.Build.0 = Release|Any CPU
		{83C0DC07-F23E-4193-B985-2426EE9AFF80}.Release|x64.ActiveCfg = Release|Any CPU
		{83C0DC07-F23E-4193-B985-2426EE9AFF80}.Release|x64.Build.0 = Release|Any CPU
		{83C0DC07-F23E-4193-B985-2426EE9AFF80}.Release|x86.ActiveCfg = Release|Any CPU
		{83C0DC07-F23E-4193-B985-2426EE9AFF80}.Release|x86.Build.0 = Release|Any CPU
	EndGlobalSection
	GlobalSection(SolutionProperties) = preSolution
		HideSolutionNode = FALSE
	EndGlobalSection
	GlobalSection(NestedProjects) = preSolution
		{AE64F765-CE4C-4093-8075-270C5CC614B5} = {B8E0DDAA-1A19-409C-AD36-7B32A997446A}
		{2D80F90C-1E20-406C-ABAF-2824914F8C99} = {C141C36F-BB90-470F-991B-A4BD26202DE4}
	EndGlobalSection
	GlobalSection(ExtensibilityGlobals) = postSolution
		SolutionGuid = {E6AF9777-3A1E-4FF6-A531-49CD8D66A293}
	EndGlobalSection
EndGlobal
